
Microsoft Visual Studio Solution File, Format Version 12.00
# Visual Studio Version 16
VisualStudioVersion = 16.0.30523.141
MinimumVisualStudioVersion = 10.0.40219.1
Project("{8BC9CEB8-8B4A-11D0-8D11-00A0C91BC942}") = "Stacks", "Stacks\Stacks.vcxproj", "{8798E9A9-F5B6-4774-AAFB-02A62098BB95}"
EndProject
Global
	GlobalSection(SolutionConfigurationPlatforms) = preSolution
		Debug|x64 = Debug|x64
		Debug|x86 = Debug|x86
		Release|x64 = Release|x64
		Release|x86 = Release|x86
	EndGlobalSection
	GlobalSection(ProjectConfigurationPlatforms) = postSolution
		{8798E9A9-F5B6-4774-AAFB-02A62098BB95}.Debug|x64.ActiveCfg = Debug|x64
		{8798E9A9-F5B6-4774-AAFB-02A62098BB95}.Debug|x64.Build.0 = Debug|x64
		{8798E9A9-F5B6-4774-AAFB-02A62098BB95}.Debug|x86.ActiveCfg = Debug|Win32
		{8798E9A9-F5B6-4774-AAFB-02A62098BB95}.Debug|x86.Build.0 = Debug|Win32
		{8798E9A9-F5B6-4774-AAFB-02A62098BB95}.Release|x64.ActiveCfg = Release|x64
		{8798E9A9-F5B6-4774-AAFB-02A62098BB95}.Release|x64.Build.0 = Release|x64
		{8798E9A9-F5B6-4774-AAFB-02A62098BB95}.Release|x86.ActiveCfg = Release|Win32
		{8798E9A9-F5B6-4774-AAFB-02A62098BB95}.Release|x86.Build.0 = Release|Win32
	EndGlobalSection
	GlobalSection(SolutionProperties) = preSolution
		HideSolutionNode = FALSE
	EndGlobalSection
	GlobalSection(ExtensibilityGlobals) = postSolution
		SolutionGuid = {3522B7F3-5200-4E8A-AF00-67FAFBA1FCAC}
	EndGlobalSection
EndGlobal
